
Microsoft Visual Studio Solution File, Format Version 12.00
# Visual Studio 15
VisualStudioVersion = 15.0.27004.2002
MinimumVisualStudioVersion = 10.0.40219.1
Project("{FAE04EC0-301F-11D3-BF4B-00C04F79EFBC}") = "Energysavings", "Energysavings\Energysavings.csproj", "{747898CB-DCCA-4F53-8BC9-1672D8AE1E2D}"
EndProject
Global
	GlobalSection(SolutionConfigurationPlatforms) = preSolution
		Debug|Any CPU = Debug|Any CPU
		Release|Any CPU = Release|Any CPU
	EndGlobalSection
	GlobalSection(ProjectConfigurationPlatforms) = postSolution
		{747898CB-DCCA-4F53-8BC9-1672D8AE1E2D}.Debug|Any CPU.ActiveCfg = Debug|Any CPU
		{747898CB-DCCA-4F53-8BC9-1672D8AE1E2D}.Debug|Any CPU.Build.0 = Debug|Any CPU
		{747898CB-DCCA-4F53-8BC9-1672D8AE1E2D}.Release|Any CPU.ActiveCfg = Release|Any CPU
		{747898CB-DCCA-4F53-8BC9-1672D8AE1E2D}.Release|Any CPU.Build.0 = Release|Any CPU
	EndGlobalSection
	GlobalSection(SolutionProperties) = preSolution
		HideSolutionNode = FALSE
	EndGlobalSection
	GlobalSection(ExtensibilityGlobals) = postSolution
		SolutionGuid = {C4457055-F23A-4606-9F45-8C87D6798BF8}
	EndGlobalSection
EndGlobal
